
Microsoft Visual Studio Solution File, Format Version 12.00
# Visual Studio Version 17
VisualStudioVersion = 17.6.33717.318
MinimumVisualStudioVersion = 10.0.40219.1
Project("{8BC9CEB8-8B4A-11D0-8D11-00A0C91BC942}") = "PG3", "PG3.vcxproj", "{BCFE7D9B-1F80-4383-9BC0-A9DF0D2EBDBC}"
EndProject
Global
	GlobalSection(SolutionConfigurationPlatforms) = preSolution
		Debug|x64 = Debug|x64
		Debug|x86 = Debug|x86
		Release|x64 = Release|x64
		Release|x86 = Release|x86
	EndGlobalSection
	GlobalSection(ProjectConfigurationPlatforms) = postSolution
		{BCFE7D9B-1F80-4383-9BC0-A9DF0D2EBDBC}.Debug|x64.ActiveCfg = Debug|x64
		{BCFE7D9B-1F80-4383-9BC0-A9DF0D2EBDBC}.Debug|x64.Build.0 = Debug|x64
		{BCFE7D9B-1F80-4383-9BC0-A9DF0D2EBDBC}.Debug|x86.ActiveCfg = Debug|Win32
		{BCFE7D9B-1F80-4383-9BC0-A9DF0D2EBDBC}.Debug|x86.Build.0 = Debug|Win32
		{BCFE7D9B-1F80-4383-9BC0-A9DF0D2EBDBC}.Release|x64.ActiveCfg = Release|x64
		{BCFE7D9B-1F80-4383-9BC0-A9DF0D2EBDBC}.Release|x64.Build.0 = Release|x64
		{BCFE7D9B-1F80-4383-9BC0-A9DF0D2EBDBC}.Release|x86.ActiveCfg = Release|Win32
		{BCFE7D9B-1F80-4383-9BC0-A9DF0D2EBDBC}.Release|x86.Build.0 = Release|Win32
	EndGlobalSection
	GlobalSection(SolutionProperties) = preSolution
		HideSolutionNode = FALSE
	EndGlobalSection
	GlobalSection(ExtensibilityGlobals) = postSolution
		SolutionGuid = {D0AE37C9-ABFA-46EF-9358-5968F725C56B}
	EndGlobalSection
EndGlobal
